
Microsoft Visual Studio Solution File, Format Version 12.00
# Visual Studio Version 17
VisualStudioVersion = 17.9.34607.119
MinimumVisualStudioVersion = 10.0.40219.1
Project("{FAE04EC0-301F-11D3-BF4B-00C04F79EFBC}") = "GLTest", "GLTest\GLTest.csproj", "{205679B4-1085-4CDA-BFCC-37B7788BA3B4}"
EndProject
Project("{FAE04EC0-301F-11D3-BF4B-00C04F79EFBC}") = "GLTest.Core", "GLTest.Core\GLTest.Core.csproj", "{C8420CDD-FBEA-4F87-A6CF-52579E005635}"
EndProject
Global
	GlobalSection(SolutionConfigurationPlatforms) = preSolution
		Debug|Any CPU = Debug|Any CPU
		Release|Any CPU = Release|Any CPU
	EndGlobalSection
	GlobalSection(ProjectConfigurationPlatforms) = postSolution
		{205679B4-1085-4CDA-BFCC-37B7788BA3B4}.Debug|Any CPU.ActiveCfg = Debug|Any CPU
		{205679B4-1085-4CDA-BFCC-37B7788BA3B4}.Debug|Any CPU.Build.0 = Debug|Any CPU
		{205679B4-1085-4CDA-BFCC-37B7788BA3B4}.Release|Any CPU.ActiveCfg = Release|Any CPU
		{205679B4-1085-4CDA-BFCC-37B7788BA3B4}.Release|Any CPU.Build.0 = Release|Any CPU
		{C8420CDD-FBEA-4F87-A6CF-52579E005635}.Debug|Any CPU.ActiveCfg = Debug|Any CPU
		{C8420CDD-FBEA-4F87-A6CF-52579E005635}.Debug|Any CPU.Build.0 = Debug|Any CPU
		{C8420CDD-FBEA-4F87-A6CF-52579E005635}.Release|Any CPU.ActiveCfg = Release|Any CPU
		{C8420CDD-FBEA-4F87-A6CF-52579E005635}.Release|Any CPU.Build.0 = Release|Any CPU
	EndGlobalSection
	GlobalSection(SolutionProperties) = preSolution
		HideSolutionNode = FALSE
	EndGlobalSection
	GlobalSection(ExtensibilityGlobals) = postSolution
		SolutionGuid = {8EF42B90-F7A7-4D64-9E3D-BD7F80D13F1D}
	EndGlobalSection
EndGlobal
